
Microsoft Visual Studio Solution File, Format Version 12.00
# Visual Studio 2013
VisualStudioVersion = 12.0.30501.0
MinimumVisualStudioVersion = 10.0.40219.1
Project("{FAE04EC0-301F-11D3-BF4B-00C04F79EFBC}") = "ConsoleIRCBot", "ConsoleIRCBot\ConsoleIRCBot.csproj", "{A6A26194-317A-4E76-BB4D-1D9306F5A120}"
EndProject
Project("{FAE04EC0-301F-11D3-BF4B-00C04F79EFBC}") = "Luigibot2", "Luigibot2\Luigibot2.csproj", "{7A2CC946-F3E1-44CB-967F-DD68A03D6D2A}"
EndProject
Global
	GlobalSection(SolutionConfigurationPlatforms) = preSolution
		Debug|Any CPU = Debug|Any CPU
		Release|Any CPU = Release|Any CPU
	EndGlobalSection
	GlobalSection(ProjectConfigurationPlatforms) = postSolution
		{A6A26194-317A-4E76-BB4D-1D9306F5A120}.Debug|Any CPU.ActiveCfg = Debug|Any CPU
		{A6A26194-317A-4E76-BB4D-1D9306F5A120}.Debug|Any CPU.Build.0 = Debug|Any CPU
		{A6A26194-317A-4E76-BB4D-1D9306F5A120}.Release|Any CPU.ActiveCfg = Release|Any CPU
		{A6A26194-317A-4E76-BB4D-1D9306F5A120}.Release|Any CPU.Build.0 = Release|Any CPU
		{7A2CC946-F3E1-44CB-967F-DD68A03D6D2A}.Debug|Any CPU.ActiveCfg = Debug|Any CPU
		{7A2CC946-F3E1-44CB-967F-DD68A03D6D2A}.Debug|Any CPU.Build.0 = Debug|Any CPU
		{7A2CC946-F3E1-44CB-967F-DD68A03D6D2A}.Release|Any CPU.ActiveCfg = Release|Any CPU
		{7A2CC946-F3E1-44CB-967F-DD68A03D6D2A}.Release|Any CPU.Build.0 = Release|Any CPU
	EndGlobalSection
	GlobalSection(SolutionProperties) = preSolution
		HideSolutionNode = FALSE
	EndGlobalSection
EndGlobal
